<?xml version="1.0" encoding="UTF-8" standalone="yes" ?>
<CodeBlocks_project_file>
	<FileVersion major="1" minor="6" />
	<Project>
		<Option title="disquiet" />
		<Option execution_dir="/home/william/Documents/Programming/SFML/Disquiet/disquiet/" />
		<Option pch_mode="2" />
		<Option compiler="gcc" />
		<Build>
			<Target title="Debug">
				<Option output="bin/Debug/disquiet" prefix_auto="1" extension_auto="1" />
				<Option object_output="obj/Debug/" />
				<Option type="1" />
				<Option compiler="gcc" />
				<Compiler>
					<Add option="-g" />
				</Compiler>
			</Target>
			<Target title="Release">
				<Option output="bin/Release/disquiet" prefix_auto="1" extension_auto="1" />
				<Option object_output="obj/Release/" />
				<Option type="1" />
				<Option compiler="gcc" />
				<Compiler>
					<Add option="-O2" />
				</Compiler>
				<Linker>
					<Add option="-s" />
				</Linker>
			</Target>
		</Build>
		<Compiler>
			<Add option="-Wall" />
		</Compiler>
		<Linker>
			<Add option="-lsfml-graphics" />
			<Add option="-lsfml-window" />
			<Add option="-lsfml-system" />
			<Add option="-llua" />
			<Add option="-lfmodex" />
			<Add option="-lfmodevent" />
			<Add directory="/usr/lib/" />
		</Linker>
		<Unit filename="Game.cpp" />
		<Unit filename="Game.hpp" />
		<Unit filename="audio/global_audio.cpp" />
		<Unit filename="audio/global_audio.hpp" />
		<Unit filename="debug/assert.h" />
		<Unit filename="debug/log.cpp" />
		<Unit filename="debug/log.h" />
		<Unit filename="debug/warn.h" />
		<Unit filename="gameplay/GameObject.cpp" />
		<Unit filename="gameplay/GameObject.hpp" />
		<Unit filename="gameplay/Gun.cpp" />
		<Unit filename="gameplay/Gun.hpp" />
		<Unit filename="gameplay/Monster.cpp" />
		<Unit filename="gameplay/Monster.hpp" />
		<Unit filename="gameplay/Player.cpp" />
		<Unit filename="gameplay/Player.hpp" />
		<Unit filename="main.cpp" />
		<Unit filename="math/Rect.hpp" />
		<Unit filename="math/Rect.inl" />
		<Unit filename="math/V2.hpp" />
		<Unit filename="math/V2.inl" />
		<Unit filename="math/numerise.h" />
		<Unit filename="pathing/NavCell.cpp" />
		<Unit filename="pathing/NavCell.hpp" />
		<Unit filename="pathing/NavGrid.cpp" />
		<Unit filename="pathing/NavGrid.hpp" />
		<Unit filename="pathing/NavGridMaze.cpp" />
		<Unit filename="pathing/NavGridMaze.hpp" />
		<Unit filename="pathing/Path.hpp" />
		<Unit filename="pathing/PathSearch.cpp" />
		<Unit filename="pathing/PathSearch.hpp" />
		<Unit filename="pathing/SearchState.cpp" />
		<Unit filename="pathing/SearchState.hpp" />
		<Unit filename="utils/Bounded.hpp" />
		<Unit filename="utils/Bounded.inl" />
		<Unit filename="utils/IntrusiveLinked.cpp" />
		<Unit filename="utils/IntrusiveLinked.hpp" />
		<Unit filename="view/GridHouseView.cpp" />
		<Unit filename="view/GridHouseView.hpp" />
		<Extensions>
			<code_completion />
			<debugger />
		</Extensions>
	</Project>
</CodeBlocks_project_file>
