<?xml version="1.0" encoding="UTF-8" standalone="yes" ?>
<CodeBlocks_project_file>
	<FileVersion major="1" minor="6" />
	<Project>
		<Option title="disquiet" />
		<Option execution_dir="/home/william/Documents/Programming/SFML/Disquiet/disquiet/" />
		<Option pch_mode="2" />
		<Option compiler="gcc" />
		<Build>
			<Target title="Debug">
				<Option output="bin/Debug/disquiet" prefix_auto="1" extension_auto="1" />
				<Option object_output="obj/Debug/" />
				<Option type="1" />
				<Option compiler="gcc" />
				<Compiler>
					<Add option="-g" />
				</Compiler>
			</Target>
			<Target title="Release">
				<Option output="bin/Release/disquiet" prefix_auto="1" extension_auto="1" />
				<Option object_output="obj/Release/" />
				<Option type="1" />
				<Option compiler="gcc" />
				<Compiler>
					<Add option="-O2" />
				</Compiler>
				<Linker>
					<Add option="-s" />
				</Linker>
			</Target>
		</Build>
		<Compiler>
			<Add option="-Wall" />
		</Compiler>
		<Linker>
			<Add option="-lsfml-graphics" />
			<Add option="-lsfml-window" />
			<Add option="-lsfml-system" />
			<Add directory="/usr/lib/" />
		</Linker>
		<Unit filename="GameObject.cpp" />
		<Unit filename="GameObject.hpp" />
		<Unit filename="LevelNode.cpp" />
		<Unit filename="LevelNode.hpp" />
		<Unit filename="Player.cpp" />
		<Unit filename="Player.hpp" />
		<Unit filename="main.cpp" />
		<Unit filename="math/Rect.hpp" />
		<Unit filename="math/Rect.inl" />
		<Unit filename="math/V2.hpp" />
		<Unit filename="math/V2.inl" />
		<Unit filename="math/numerise.h" />
		<Unit filename="math/wjd_math.cpp" />
		<Unit filename="math/wjd_math.h" />
		<Unit filename="utils/Bounded.hpp" />
		<Unit filename="utils/Bounded.inl" />
		<Unit filename="utils/IntrusiveLinked.cpp" />
		<Unit filename="utils/IntrusiveLinked.hpp" />
		<Extensions>
			<code_completion />
			<debugger />
		</Extensions>
	</Project>
</CodeBlocks_project_file>
